
Microsoft Visual Studio Solution File, Format Version 12.00
# Visual Studio 14
VisualStudioVersion = 14.0.24720.0
MinimumVisualStudioVersion = 10.0.40219.1
Project("{FAE04EC0-301F-11D3-BF4B-00C04F79EFBC}") = "Licensing", "Licensing\Licensing.csproj", "{676B9BD0-AA1D-4EF2-831D-E1EFB6919982}"
EndProject
Project("{FAE04EC0-301F-11D3-BF4B-00C04F79EFBC}") = "TestHarness", "TestHarness\TestHarness.csproj", "{3E3669C7-082C-4666-B0F6-8CCB600D987A}"
EndProject
Project("{FAE04EC0-301F-11D3-BF4B-00C04F79EFBC}") = "TrackableClassLibrary.Entities.Service.Net45", "TrackableClassLibrary.Entities.Service.Net45\TrackableClassLibrary.Entities.Service.Net45.csproj", "{8556C7C8-72A6-4857-BAFD-489E42A2A453}"
EndProject
Project("{FAE04EC0-301F-11D3-BF4B-00C04F79EFBC}") = "TrackableClassLibrary.Entities.Client.Net45", "TrackableClassLibrary.Entities.Client.Net45\TrackableClassLibrary.Entities.Client.Net45.csproj", "{953B79E1-B6B4-4E15-B32D-AB6A28D2510E}"
EndProject
Project("{FAE04EC0-301F-11D3-BF4B-00C04F79EFBC}") = "RestoreDatabaseHarness", "RestoreDatabaseHarness\RestoreDatabaseHarness.csproj", "{2CC9FE1B-C63B-44F5-828A-395C445A1E9A}"
EndProject
Global
	GlobalSection(SolutionConfigurationPlatforms) = preSolution
		Debug|Any CPU = Debug|Any CPU
		Release|Any CPU = Release|Any CPU
	EndGlobalSection
	GlobalSection(ProjectConfigurationPlatforms) = postSolution
		{676B9BD0-AA1D-4EF2-831D-E1EFB6919982}.Debug|Any CPU.ActiveCfg = Debug|Any CPU
		{676B9BD0-AA1D-4EF2-831D-E1EFB6919982}.Debug|Any CPU.Build.0 = Debug|Any CPU
		{676B9BD0-AA1D-4EF2-831D-E1EFB6919982}.Release|Any CPU.ActiveCfg = Release|Any CPU
		{676B9BD0-AA1D-4EF2-831D-E1EFB6919982}.Release|Any CPU.Build.0 = Release|Any CPU
		{3E3669C7-082C-4666-B0F6-8CCB600D987A}.Debug|Any CPU.ActiveCfg = Debug|Any CPU
		{3E3669C7-082C-4666-B0F6-8CCB600D987A}.Debug|Any CPU.Build.0 = Debug|Any CPU
		{3E3669C7-082C-4666-B0F6-8CCB600D987A}.Release|Any CPU.ActiveCfg = Release|Any CPU
		{3E3669C7-082C-4666-B0F6-8CCB600D987A}.Release|Any CPU.Build.0 = Release|Any CPU
		{8556C7C8-72A6-4857-BAFD-489E42A2A453}.Debug|Any CPU.ActiveCfg = Debug|Any CPU
		{8556C7C8-72A6-4857-BAFD-489E42A2A453}.Debug|Any CPU.Build.0 = Debug|Any CPU
		{8556C7C8-72A6-4857-BAFD-489E42A2A453}.Release|Any CPU.ActiveCfg = Release|Any CPU
		{8556C7C8-72A6-4857-BAFD-489E42A2A453}.Release|Any CPU.Build.0 = Release|Any CPU
		{953B79E1-B6B4-4E15-B32D-AB6A28D2510E}.Debug|Any CPU.ActiveCfg = Debug|Any CPU
		{953B79E1-B6B4-4E15-B32D-AB6A28D2510E}.Debug|Any CPU.Build.0 = Debug|Any CPU
		{953B79E1-B6B4-4E15-B32D-AB6A28D2510E}.Release|Any CPU.ActiveCfg = Release|Any CPU
		{953B79E1-B6B4-4E15-B32D-AB6A28D2510E}.Release|Any CPU.Build.0 = Release|Any CPU
		{2CC9FE1B-C63B-44F5-828A-395C445A1E9A}.Debug|Any CPU.ActiveCfg = Debug|Any CPU
		{2CC9FE1B-C63B-44F5-828A-395C445A1E9A}.Debug|Any CPU.Build.0 = Debug|Any CPU
		{2CC9FE1B-C63B-44F5-828A-395C445A1E9A}.Release|Any CPU.ActiveCfg = Release|Any CPU
		{2CC9FE1B-C63B-44F5-828A-395C445A1E9A}.Release|Any CPU.Build.0 = Release|Any CPU
	EndGlobalSection
	GlobalSection(SolutionProperties) = preSolution
		HideSolutionNode = FALSE
	EndGlobalSection
EndGlobal
